
Microsoft Visual Studio Solution File, Format Version 12.00
# Visual Studio Version 16
VisualStudioVersion = 16.0.30907.101
MinimumVisualStudioVersion = 10.0.40219.1
Project("{FAE04EC0-301F-11D3-BF4B-00C04F79EFBC}") = "Notrosoft_Accel", "Notrosoft_Accel\Notrosoft_Accel.csproj", "{ABEFBAAA-C4B4-461D-A5DF-6A2855B8574F}"
EndProject
Global
	GlobalSection(SolutionConfigurationPlatforms) = preSolution
		Debug|Any CPU = Debug|Any CPU
		Release|Any CPU = Release|Any CPU
	EndGlobalSection
	GlobalSection(ProjectConfigurationPlatforms) = postSolution
		{ABEFBAAA-C4B4-461D-A5DF-6A2855B8574F}.Debug|Any CPU.ActiveCfg = Debug|Any CPU
		{ABEFBAAA-C4B4-461D-A5DF-6A2855B8574F}.Debug|Any CPU.Build.0 = Debug|Any CPU
		{ABEFBAAA-C4B4-461D-A5DF-6A2855B8574F}.Release|Any CPU.ActiveCfg = Release|Any CPU
		{ABEFBAAA-C4B4-461D-A5DF-6A2855B8574F}.Release|Any CPU.Build.0 = Release|Any CPU
	EndGlobalSection
	GlobalSection(SolutionProperties) = preSolution
		HideSolutionNode = FALSE
	EndGlobalSection
	GlobalSection(ExtensibilityGlobals) = postSolution
		SolutionGuid = {8E7399C8-D6B7-4EA2-A065-AACD3BDF7BD1}
	EndGlobalSection
EndGlobal
